
Microsoft Visual Studio Solution File, Format Version 12.00
# Visual Studio Version 17
VisualStudioVersion = 17.8.34330.188
MinimumVisualStudioVersion = 10.0.40219.1
Project("{FAE04EC0-301F-11D3-BF4B-00C04F79EFBC}") = "MVCWithEFCF4", "MVCWithEFCF4\MVCWithEFCF4.csproj", "{EA171AA8-8BDF-45E6-9408-6070303D39B7}"
EndProject
Global
	GlobalSection(SolutionConfigurationPlatforms) = preSolution
		Debug|Any CPU = Debug|Any CPU
		Release|Any CPU = Release|Any CPU
	EndGlobalSection
	GlobalSection(ProjectConfigurationPlatforms) = postSolution
		{EA171AA8-8BDF-45E6-9408-6070303D39B7}.Debug|Any CPU.ActiveCfg = Debug|Any CPU
		{EA171AA8-8BDF-45E6-9408-6070303D39B7}.Debug|Any CPU.Build.0 = Debug|Any CPU
		{EA171AA8-8BDF-45E6-9408-6070303D39B7}.Release|Any CPU.ActiveCfg = Release|Any CPU
		{EA171AA8-8BDF-45E6-9408-6070303D39B7}.Release|Any CPU.Build.0 = Release|Any CPU
	EndGlobalSection
	GlobalSection(SolutionProperties) = preSolution
		HideSolutionNode = FALSE
	EndGlobalSection
	GlobalSection(ExtensibilityGlobals) = postSolution
		SolutionGuid = {D8F1C4AE-7F47-4A80-877E-A71905327821}
	EndGlobalSection
EndGlobal
